github.com/bashocode/go-say-hello v1.0.0 h1:OUdYZ+zknT4zOQAgM/xgVNPVtL946O5jNU4fU7ctnUE=
github.com/bashocode/go-say-hello v1.0.0/go.mod h1:mdQ6A6iUOmKpCSLLjUucSGfsnp24ma3aHN/GZXHdEog=
github.com/bashocode/go-say-hello v1.0.1 h1:ST5GGa0BHDIB9wCZttyhX8cG/Aol5+uZYOP5Tg+93uM=
github.com/bashocode/go-say-hello v1.0.1/go.mod h1:mdQ6A6iUOmKpCSLLjUucSGfsnp24ma3aHN/GZXHdEog=
